
Microsoft Visual Studio Solution File, Format Version 12.00
# Visual Studio 2012
Project("{FAE04EC0-301F-11D3-BF4B-00C04F79EFBC}") = "TrelloPlanningPoker.Presentation", "TrelloPlanningPoker.Presentation\TrelloPlanningPoker.Presentation.csproj", "{13DC3797-DA9B-41EF-84BE-5E750376E08D}"
EndProject
Project("{FAE04EC0-301F-11D3-BF4B-00C04F79EFBC}") = "TrelloPlanningPoker.Data", "TrelloPlanningPoker.Data\TrelloPlanningPoker.Data.csproj", "{A9459279-4FE1-4F6F-A312-078D4DC5FE95}"
EndProject
Project("{FAE04EC0-301F-11D3-BF4B-00C04F79EFBC}") = "DatabaseDeploymentTool", "DatabaseDeploymentTool\DatabaseDeploymentTool.csproj", "{512EBF54-9F9A-47B1-9AD1-2D6A122FF050}"
EndProject
Project("{FAE04EC0-301F-11D3-BF4B-00C04F79EFBC}") = "TrelloPlanningPoker.Domain", "TrelloPlanningPoker.Domain\TrelloPlanningPoker.Domain.csproj", "{1769ACDB-64E2-4B1F-9722-0E2555561A19}"
EndProject
Global
	GlobalSection(SolutionConfigurationPlatforms) = preSolution
		Debug|Any CPU = Debug|Any CPU
		Debug|Mixed Platforms = Debug|Mixed Platforms
		Debug|x86 = Debug|x86
		MbwTest|Any CPU = MbwTest|Any CPU
		MbwTest|Mixed Platforms = MbwTest|Mixed Platforms
		MbwTest|x86 = MbwTest|x86
		Release|Any CPU = Release|Any CPU
		Release|Mixed Platforms = Release|Mixed Platforms
		Release|x86 = Release|x86
	EndGlobalSection
	GlobalSection(ProjectConfigurationPlatforms) = postSolution
		{13DC3797-DA9B-41EF-84BE-5E750376E08D}.Debug|Any CPU.ActiveCfg = Debug|Any CPU
		{13DC3797-DA9B-41EF-84BE-5E750376E08D}.Debug|Any CPU.Build.0 = Debug|Any CPU
		{13DC3797-DA9B-41EF-84BE-5E750376E08D}.Debug|Mixed Platforms.ActiveCfg = Debug|Any CPU
		{13DC3797-DA9B-41EF-84BE-5E750376E08D}.Debug|Mixed Platforms.Build.0 = Debug|Any CPU
		{13DC3797-DA9B-41EF-84BE-5E750376E08D}.Debug|x86.ActiveCfg = Debug|Any CPU
		{13DC3797-DA9B-41EF-84BE-5E750376E08D}.MbwTest|Any CPU.ActiveCfg = Release|Any CPU
		{13DC3797-DA9B-41EF-84BE-5E750376E08D}.MbwTest|Any CPU.Build.0 = Release|Any CPU
		{13DC3797-DA9B-41EF-84BE-5E750376E08D}.MbwTest|Mixed Platforms.ActiveCfg = Release|Any CPU
		{13DC3797-DA9B-41EF-84BE-5E750376E08D}.MbwTest|Mixed Platforms.Build.0 = Release|Any CPU
		{13DC3797-DA9B-41EF-84BE-5E750376E08D}.MbwTest|x86.ActiveCfg = Release|Any CPU
		{13DC3797-DA9B-41EF-84BE-5E750376E08D}.Release|Any CPU.ActiveCfg = Release|Any CPU
		{13DC3797-DA9B-41EF-84BE-5E750376E08D}.Release|Any CPU.Build.0 = Release|Any CPU
		{13DC3797-DA9B-41EF-84BE-5E750376E08D}.Release|Mixed Platforms.ActiveCfg = Release|Any CPU
		{13DC3797-DA9B-41EF-84BE-5E750376E08D}.Release|Mixed Platforms.Build.0 = Release|Any CPU
		{13DC3797-DA9B-41EF-84BE-5E750376E08D}.Release|x86.ActiveCfg = Release|Any CPU
		{A9459279-4FE1-4F6F-A312-078D4DC5FE95}.Debug|Any CPU.ActiveCfg = Debug|Any CPU
		{A9459279-4FE1-4F6F-A312-078D4DC5FE95}.Debug|Any CPU.Build.0 = Debug|Any CPU
		{A9459279-4FE1-4F6F-A312-078D4DC5FE95}.Debug|Mixed Platforms.ActiveCfg = Debug|Any CPU
		{A9459279-4FE1-4F6F-A312-078D4DC5FE95}.Debug|Mixed Platforms.Build.0 = Debug|Any CPU
		{A9459279-4FE1-4F6F-A312-078D4DC5FE95}.Debug|x86.ActiveCfg = Debug|Any CPU
		{A9459279-4FE1-4F6F-A312-078D4DC5FE95}.MbwTest|Any CPU.ActiveCfg = Release|Any CPU
		{A9459279-4FE1-4F6F-A312-078D4DC5FE95}.MbwTest|Any CPU.Build.0 = Release|Any CPU
		{A9459279-4FE1-4F6F-A312-078D4DC5FE95}.MbwTest|Mixed Platforms.ActiveCfg = Release|Any CPU
		{A9459279-4FE1-4F6F-A312-078D4DC5FE95}.MbwTest|Mixed Platforms.Build.0 = Release|Any CPU
		{A9459279-4FE1-4F6F-A312-078D4DC5FE95}.MbwTest|x86.ActiveCfg = Release|Any CPU
		{A9459279-4FE1-4F6F-A312-078D4DC5FE95}.Release|Any CPU.ActiveCfg = Release|Any CPU
		{A9459279-4FE1-4F6F-A312-078D4DC5FE95}.Release|Any CPU.Build.0 = Release|Any CPU
		{A9459279-4FE1-4F6F-A312-078D4DC5FE95}.Release|Mixed Platforms.ActiveCfg = Release|Any CPU
		{A9459279-4FE1-4F6F-A312-078D4DC5FE95}.Release|Mixed Platforms.Build.0 = Release|Any CPU
		{A9459279-4FE1-4F6F-A312-078D4DC5FE95}.Release|x86.ActiveCfg = Release|Any CPU
		{512EBF54-9F9A-47B1-9AD1-2D6A122FF050}.Debug|Any CPU.ActiveCfg = Debug|x86
		{512EBF54-9F9A-47B1-9AD1-2D6A122FF050}.Debug|Mixed Platforms.ActiveCfg = Debug|x86
		{512EBF54-9F9A-47B1-9AD1-2D6A122FF050}.Debug|Mixed Platforms.Build.0 = Debug|x86
		{512EBF54-9F9A-47B1-9AD1-2D6A122FF050}.Debug|x86.ActiveCfg = Debug|x86
		{512EBF54-9F9A-47B1-9AD1-2D6A122FF050}.Debug|x86.Build.0 = Debug|x86
		{512EBF54-9F9A-47B1-9AD1-2D6A122FF050}.MbwTest|Any CPU.ActiveCfg = MbwTest|x86
		{512EBF54-9F9A-47B1-9AD1-2D6A122FF050}.MbwTest|Mixed Platforms.ActiveCfg = MbwTest|x86
		{512EBF54-9F9A-47B1-9AD1-2D6A122FF050}.MbwTest|Mixed Platforms.Build.0 = MbwTest|x86
		{512EBF54-9F9A-47B1-9AD1-2D6A122FF050}.MbwTest|x86.ActiveCfg = MbwTest|x86
		{512EBF54-9F9A-47B1-9AD1-2D6A122FF050}.MbwTest|x86.Build.0 = MbwTest|x86
		{512EBF54-9F9A-47B1-9AD1-2D6A122FF050}.Release|Any CPU.ActiveCfg = Release|x86
		{512EBF54-9F9A-47B1-9AD1-2D6A122FF050}.Release|Mixed Platforms.ActiveCfg = Release|x86
		{512EBF54-9F9A-47B1-9AD1-2D6A122FF050}.Release|Mixed Platforms.Build.0 = Release|x86
		{512EBF54-9F9A-47B1-9AD1-2D6A122FF050}.Release|x86.ActiveCfg = Release|x86
		{512EBF54-9F9A-47B1-9AD1-2D6A122FF050}.Release|x86.Build.0 = Release|x86
		{1769ACDB-64E2-4B1F-9722-0E2555561A19}.Debug|Any CPU.ActiveCfg = Debug|Any CPU
		{1769ACDB-64E2-4B1F-9722-0E2555561A19}.Debug|Any CPU.Build.0 = Debug|Any CPU
		{1769ACDB-64E2-4B1F-9722-0E2555561A19}.Debug|Mixed Platforms.ActiveCfg = Debug|Any CPU
		{1769ACDB-64E2-4B1F-9722-0E2555561A19}.Debug|Mixed Platforms.Build.0 = Debug|Any CPU
		{1769ACDB-64E2-4B1F-9722-0E2555561A19}.Debug|x86.ActiveCfg = Debug|Any CPU
		{1769ACDB-64E2-4B1F-9722-0E2555561A19}.MbwTest|Any CPU.ActiveCfg = Release|Any CPU
		{1769ACDB-64E2-4B1F-9722-0E2555561A19}.MbwTest|Any CPU.Build.0 = Release|Any CPU
		{1769ACDB-64E2-4B1F-9722-0E2555561A19}.MbwTest|Mixed Platforms.ActiveCfg = Release|Any CPU
		{1769ACDB-64E2-4B1F-9722-0E2555561A19}.MbwTest|Mixed Platforms.Build.0 = Release|Any CPU
		{1769ACDB-64E2-4B1F-9722-0E2555561A19}.MbwTest|x86.ActiveCfg = Release|Any CPU
		{1769ACDB-64E2-4B1F-9722-0E2555561A19}.Release|Any CPU.ActiveCfg = Release|Any CPU
		{1769ACDB-64E2-4B1F-9722-0E2555561A19}.Release|Any CPU.Build.0 = Release|Any CPU
		{1769ACDB-64E2-4B1F-9722-0E2555561A19}.Release|Mixed Platforms.ActiveCfg = Release|Any CPU
		{1769ACDB-64E2-4B1F-9722-0E2555561A19}.Release|Mixed Platforms.Build.0 = Release|Any CPU
		{1769ACDB-64E2-4B1F-9722-0E2555561A19}.Release|x86.ActiveCfg = Release|Any CPU
	EndGlobalSection
	GlobalSection(SolutionProperties) = preSolution
		HideSolutionNode = FALSE
	EndGlobalSection
EndGlobal
